
Microsoft Visual Studio Solution File, Format Version 12.00
# Visual Studio Version 17
VisualStudioVersion = 17.3.32929.385
MinimumVisualStudioVersion = 10.0.40219.1
Project("{FAE04EC0-301F-11D3-BF4B-00C04F79EFBC}") = "Olio-ohjelmointi", "Olio-ohjelmointi\Olio-ohjelmointi.csproj", "{5500A23F-B592-4342-8E78-04193CB8B5C8}"
EndProject
Project("{FAE04EC0-301F-11D3-BF4B-00C04F79EFBC}") = "Harjoitus1", "Harjoitus1\Harjoitus1.csproj", "{91C0367D-BD9C-49A4-B584-67B67C8C028F}"
EndProject
Project("{FAE04EC0-301F-11D3-BF4B-00C04F79EFBC}") = "Harjoitus2", "Harjoitus2\Harjoitus2.csproj", "{895EE1BB-AD27-41E1-8B53-59CC9CAF933D}"
EndProject
Project("{FAE04EC0-301F-11D3-BF4B-00C04F79EFBC}") = "Harjoitus4", "Harjoitus4\Harjoitus4.csproj", "{CDB64C30-D943-4A32-9B24-C75F90F8F11D}"
EndProject
Project("{FAE04EC0-301F-11D3-BF4B-00C04F79EFBC}") = "Harjoitus5", "Harjoitus5\Harjoitus5.csproj", "{EA5CA493-9079-4CC4-A96D-5C0B2535F089}"
EndProject
Project("{FAE04EC0-301F-11D3-BF4B-00C04F79EFBC}") = "Harjoitus6", "Harjoitus6\Harjoitus6.csproj", "{625178BC-267D-4D64-A8B9-5833FB0B7BF2}"
EndProject
Global
	GlobalSection(SolutionConfigurationPlatforms) = preSolution
		Debug|Any CPU = Debug|Any CPU
		Release|Any CPU = Release|Any CPU
	EndGlobalSection
	GlobalSection(ProjectConfigurationPlatforms) = postSolution
		{5500A23F-B592-4342-8E78-04193CB8B5C8}.Debug|Any CPU.ActiveCfg = Debug|Any CPU
		{5500A23F-B592-4342-8E78-04193CB8B5C8}.Debug|Any CPU.Build.0 = Debug|Any CPU
		{5500A23F-B592-4342-8E78-04193CB8B5C8}.Release|Any CPU.ActiveCfg = Release|Any CPU
		{5500A23F-B592-4342-8E78-04193CB8B5C8}.Release|Any CPU.Build.0 = Release|Any CPU
		{91C0367D-BD9C-49A4-B584-67B67C8C028F}.Debug|Any CPU.ActiveCfg = Debug|Any CPU
		{91C0367D-BD9C-49A4-B584-67B67C8C028F}.Debug|Any CPU.Build.0 = Debug|Any CPU
		{91C0367D-BD9C-49A4-B584-67B67C8C028F}.Release|Any CPU.ActiveCfg = Release|Any CPU
		{91C0367D-BD9C-49A4-B584-67B67C8C028F}.Release|Any CPU.Build.0 = Release|Any CPU
		{895EE1BB-AD27-41E1-8B53-59CC9CAF933D}.Debug|Any CPU.ActiveCfg = Debug|Any CPU
		{895EE1BB-AD27-41E1-8B53-59CC9CAF933D}.Debug|Any CPU.Build.0 = Debug|Any CPU
		{895EE1BB-AD27-41E1-8B53-59CC9CAF933D}.Release|Any CPU.ActiveCfg = Release|Any CPU
		{895EE1BB-AD27-41E1-8B53-59CC9CAF933D}.Release|Any CPU.Build.0 = Release|Any CPU
		{CDB64C30-D943-4A32-9B24-C75F90F8F11D}.Debug|Any CPU.ActiveCfg = Debug|Any CPU
		{CDB64C30-D943-4A32-9B24-C75F90F8F11D}.Debug|Any CPU.Build.0 = Debug|Any CPU
		{CDB64C30-D943-4A32-9B24-C75F90F8F11D}.Release|Any CPU.ActiveCfg = Release|Any CPU
		{CDB64C30-D943-4A32-9B24-C75F90F8F11D}.Release|Any CPU.Build.0 = Release|Any CPU
		{EA5CA493-9079-4CC4-A96D-5C0B2535F089}.Debug|Any CPU.ActiveCfg = Debug|Any CPU
		{EA5CA493-9079-4CC4-A96D-5C0B2535F089}.Debug|Any CPU.Build.0 = Debug|Any CPU
		{EA5CA493-9079-4CC4-A96D-5C0B2535F089}.Release|Any CPU.ActiveCfg = Release|Any CPU
		{EA5CA493-9079-4CC4-A96D-5C0B2535F089}.Release|Any CPU.Build.0 = Release|Any CPU
		{625178BC-267D-4D64-A8B9-5833FB0B7BF2}.Debug|Any CPU.ActiveCfg = Debug|Any CPU
		{625178BC-267D-4D64-A8B9-5833FB0B7BF2}.Debug|Any CPU.Build.0 = Debug|Any CPU
		{625178BC-267D-4D64-A8B9-5833FB0B7BF2}.Release|Any CPU.ActiveCfg = Release|Any CPU
		{625178BC-267D-4D64-A8B9-5833FB0B7BF2}.Release|Any CPU.Build.0 = Release|Any CPU
	EndGlobalSection
	GlobalSection(SolutionProperties) = preSolution
		HideSolutionNode = FALSE
	EndGlobalSection
	GlobalSection(ExtensibilityGlobals) = postSolution
		SolutionGuid = {5897B1A5-50C1-4979-9649-B78EFA933B08}
	EndGlobalSection
EndGlobal
